
Microsoft Visual Studio Solution File, Format Version 12.00
# Visual Studio Version 17
VisualStudioVersion = 17.10.35122.118
MinimumVisualStudioVersion = 10.0.40219.1
Project("{FAE04EC0-301F-11D3-BF4B-00C04F79EFBC}") = "A-Mover-Desktop-Final", "A-Mover-Desktop-Final\A-Mover-Desktop-Final.csproj", "{378A4C5C-8C7D-4210-9E66-F7B6FFEC5017}"
EndProject
Global
	GlobalSection(SolutionConfigurationPlatforms) = preSolution
		Debug|Any CPU = Debug|Any CPU
		Release|Any CPU = Release|Any CPU
	EndGlobalSection
	GlobalSection(ProjectConfigurationPlatforms) = postSolution
		{378A4C5C-8C7D-4210-9E66-F7B6FFEC5017}.Debug|Any CPU.ActiveCfg = Debug|Any CPU
		{378A4C5C-8C7D-4210-9E66-F7B6FFEC5017}.Debug|Any CPU.Build.0 = Debug|Any CPU
		{378A4C5C-8C7D-4210-9E66-F7B6FFEC5017}.Release|Any CPU.ActiveCfg = Release|Any CPU
		{378A4C5C-8C7D-4210-9E66-F7B6FFEC5017}.Release|Any CPU.Build.0 = Release|Any CPU
	EndGlobalSection
	GlobalSection(SolutionProperties) = preSolution
		HideSolutionNode = FALSE
	EndGlobalSection
	GlobalSection(ExtensibilityGlobals) = postSolution
		SolutionGuid = {B65A949D-6958-409A-9F30-6D599D1E09A9}
	EndGlobalSection
EndGlobal
